
Microsoft Visual Studio Solution File, Format Version 12.00
# Visual Studio Version 16
VisualStudioVersion = 16.0.28803.202
MinimumVisualStudioVersion = 10.0.40219.1
Project("{9A19103F-16F7-4668-BE54-9A1E7A4F7556}") = "Capitulo9_composition2", "Capitulo9_composition2\Capitulo9_composition2.csproj", "{BB56A8BA-D742-4102-B8C0-0528CE4C510F}"
EndProject
Global
	GlobalSection(SolutionConfigurationPlatforms) = preSolution
		Debug|Any CPU = Debug|Any CPU
		Release|Any CPU = Release|Any CPU
	EndGlobalSection
	GlobalSection(ProjectConfigurationPlatforms) = postSolution
		{BB56A8BA-D742-4102-B8C0-0528CE4C510F}.Debug|Any CPU.ActiveCfg = Debug|Any CPU
		{BB56A8BA-D742-4102-B8C0-0528CE4C510F}.Debug|Any CPU.Build.0 = Debug|Any CPU
		{BB56A8BA-D742-4102-B8C0-0528CE4C510F}.Release|Any CPU.ActiveCfg = Release|Any CPU
		{BB56A8BA-D742-4102-B8C0-0528CE4C510F}.Release|Any CPU.Build.0 = Release|Any CPU
	EndGlobalSection
	GlobalSection(SolutionProperties) = preSolution
		HideSolutionNode = FALSE
	EndGlobalSection
	GlobalSection(ExtensibilityGlobals) = postSolution
		SolutionGuid = {8345211D-D041-41E5-ABB1-153EB80D7ABF}
	EndGlobalSection
EndGlobal
